
Microsoft Visual Studio Solution File, Format Version 12.00
# Visual Studio Version 17
VisualStudioVersion = 17.9.34728.123
MinimumVisualStudioVersion = 10.0.40219.1
Project("{FAE04EC0-301F-11D3-BF4B-00C04F79EFBC}") = "BillBook", "BillBook.csproj", "{980A4224-81DE-48E9-B93D-AAC72652AF69}"
EndProject
Global
	GlobalSection(SolutionConfigurationPlatforms) = preSolution
		Debug|Any CPU = Debug|Any CPU
		Release|Any CPU = Release|Any CPU
	EndGlobalSection
	GlobalSection(ProjectConfigurationPlatforms) = postSolution
		{980A4224-81DE-48E9-B93D-AAC72652AF69}.Debug|Any CPU.ActiveCfg = Debug|Any CPU
		{980A4224-81DE-48E9-B93D-AAC72652AF69}.Debug|Any CPU.Build.0 = Debug|Any CPU
		{980A4224-81DE-48E9-B93D-AAC72652AF69}.Release|Any CPU.ActiveCfg = Release|Any CPU
		{980A4224-81DE-48E9-B93D-AAC72652AF69}.Release|Any CPU.Build.0 = Release|Any CPU
	EndGlobalSection
	GlobalSection(SolutionProperties) = preSolution
		HideSolutionNode = FALSE
	EndGlobalSection
	GlobalSection(ExtensibilityGlobals) = postSolution
		SolutionGuid = {EF45E755-D079-437B-98AF-F19AA3BE5936}
	EndGlobalSection
EndGlobal
